
Microsoft Visual Studio Solution File, Format Version 12.00
# Visual Studio Version 17
VisualStudioVersion = 17.12.35514.174 d17.12
MinimumVisualStudioVersion = 10.0.40219.1
Project("{FAE04EC0-301F-11D3-BF4B-00C04F79EFBC}") = "Finexa.UI", "Finexa.UI\Finexa.UI.csproj", "{81187725-D902-41D7-9632-3E61FEF33EB8}"
EndProject
Project("{FAE04EC0-301F-11D3-BF4B-00C04F79EFBC}") = "Finexa.Core", "Finexa.Core\Finexa.Core.csproj", "{75B877F4-7C84-4D33-8882-44C823985028}"
EndProject
Project("{FAE04EC0-301F-11D3-BF4B-00C04F79EFBC}") = "Finexa.Data", "Finexa.Data\Finexa.Data.csproj", "{5906B4D2-5AE3-41B1-98A5-D316A75982B2}"
EndProject
Global
	GlobalSection(SolutionConfigurationPlatforms) = preSolution
		Debug|Any CPU = Debug|Any CPU
		Release|Any CPU = Release|Any CPU
	EndGlobalSection
	GlobalSection(ProjectConfigurationPlatforms) = postSolution
		{81187725-D902-41D7-9632-3E61FEF33EB8}.Debug|Any CPU.ActiveCfg = Debug|Any CPU
		{81187725-D902-41D7-9632-3E61FEF33EB8}.Debug|Any CPU.Build.0 = Debug|Any CPU
		{81187725-D902-41D7-9632-3E61FEF33EB8}.Release|Any CPU.ActiveCfg = Release|Any CPU
		{81187725-D902-41D7-9632-3E61FEF33EB8}.Release|Any CPU.Build.0 = Release|Any CPU
		{75B877F4-7C84-4D33-8882-44C823985028}.Debug|Any CPU.ActiveCfg = Debug|Any CPU
		{75B877F4-7C84-4D33-8882-44C823985028}.Debug|Any CPU.Build.0 = Debug|Any CPU
		{75B877F4-7C84-4D33-8882-44C823985028}.Release|Any CPU.ActiveCfg = Release|Any CPU
		{75B877F4-7C84-4D33-8882-44C823985028}.Release|Any CPU.Build.0 = Release|Any CPU
		{5906B4D2-5AE3-41B1-98A5-D316A75982B2}.Debug|Any CPU.ActiveCfg = Debug|Any CPU
		{5906B4D2-5AE3-41B1-98A5-D316A75982B2}.Debug|Any CPU.Build.0 = Debug|Any CPU
		{5906B4D2-5AE3-41B1-98A5-D316A75982B2}.Release|Any CPU.ActiveCfg = Release|Any CPU
		{5906B4D2-5AE3-41B1-98A5-D316A75982B2}.Release|Any CPU.Build.0 = Release|Any CPU
	EndGlobalSection
	GlobalSection(SolutionProperties) = preSolution
		HideSolutionNode = FALSE
	EndGlobalSection
EndGlobal
